
Microsoft Visual Studio Solution File, Format Version 12.00
# Visual Studio Version 17
VisualStudioVersion = 17.5.002.0
MinimumVisualStudioVersion = 10.0.40219.1
Project("{9A19103F-16F7-4668-BE54-9A1E7A4F7556}") = "Gate.Domain", "Gate.Domain\Gate.Domain.csproj", "{4E77D159-7362-44DE-AD4E-6E3AD6E2BD85}"
EndProject
Project("{9A19103F-16F7-4668-BE54-9A1E7A4F7556}") = "Gate.Resources", "Gate.Resources\Gate.Resources.csproj", "{3E002EC8-EFD9-4A87-B4FF-975E44E869D8}"
EndProject
Project("{9A19103F-16F7-4668-BE54-9A1E7A4F7556}") = "Gate.Identity", "Gate.Identity\Gate.Identity.csproj", "{53343ED2-AF02-4242-9BE3-856DCEA874C6}"
EndProject
Project("{9A19103F-16F7-4668-BE54-9A1E7A4F7556}") = "Gate.Persistence", "Gate.Persistence\Gate.Persistence.csproj", "{9BAFD696-CBED-4DB9-99D1-510FECCFD9A9}"
EndProject
Project("{9A19103F-16F7-4668-BE54-9A1E7A4F7556}") = "Gate.Api", "Gate.Api\Gate.Api.csproj", "{496EA41A-D7FD-4C12-895A-9EEFB39B53F2}"
EndProject
Project("{9A19103F-16F7-4668-BE54-9A1E7A4F7556}") = "Gate.Application", "Gate.Application\Gate.Application.csproj", "{B314EF98-85A4-4C49-94D4-06384288242A}"
EndProject
Global
	GlobalSection(SolutionConfigurationPlatforms) = preSolution
		Debug|Any CPU = Debug|Any CPU
		Release|Any CPU = Release|Any CPU
	EndGlobalSection
	GlobalSection(ProjectConfigurationPlatforms) = postSolution
		{4E77D159-7362-44DE-AD4E-6E3AD6E2BD85}.Debug|Any CPU.ActiveCfg = Debug|Any CPU
		{4E77D159-7362-44DE-AD4E-6E3AD6E2BD85}.Debug|Any CPU.Build.0 = Debug|Any CPU
		{4E77D159-7362-44DE-AD4E-6E3AD6E2BD85}.Release|Any CPU.ActiveCfg = Release|Any CPU
		{4E77D159-7362-44DE-AD4E-6E3AD6E2BD85}.Release|Any CPU.Build.0 = Release|Any CPU
		{3E002EC8-EFD9-4A87-B4FF-975E44E869D8}.Debug|Any CPU.ActiveCfg = Debug|Any CPU
		{3E002EC8-EFD9-4A87-B4FF-975E44E869D8}.Debug|Any CPU.Build.0 = Debug|Any CPU
		{3E002EC8-EFD9-4A87-B4FF-975E44E869D8}.Release|Any CPU.ActiveCfg = Release|Any CPU
		{3E002EC8-EFD9-4A87-B4FF-975E44E869D8}.Release|Any CPU.Build.0 = Release|Any CPU
		{53343ED2-AF02-4242-9BE3-856DCEA874C6}.Debug|Any CPU.ActiveCfg = Debug|Any CPU
		{53343ED2-AF02-4242-9BE3-856DCEA874C6}.Debug|Any CPU.Build.0 = Debug|Any CPU
		{53343ED2-AF02-4242-9BE3-856DCEA874C6}.Release|Any CPU.ActiveCfg = Release|Any CPU
		{53343ED2-AF02-4242-9BE3-856DCEA874C6}.Release|Any CPU.Build.0 = Release|Any CPU
		{9BAFD696-CBED-4DB9-99D1-510FECCFD9A9}.Debug|Any CPU.ActiveCfg = Debug|Any CPU
		{9BAFD696-CBED-4DB9-99D1-510FECCFD9A9}.Debug|Any CPU.Build.0 = Debug|Any CPU
		{9BAFD696-CBED-4DB9-99D1-510FECCFD9A9}.Release|Any CPU.ActiveCfg = Release|Any CPU
		{9BAFD696-CBED-4DB9-99D1-510FECCFD9A9}.Release|Any CPU.Build.0 = Release|Any CPU
		{496EA41A-D7FD-4C12-895A-9EEFB39B53F2}.Debug|Any CPU.ActiveCfg = Debug|Any CPU
		{496EA41A-D7FD-4C12-895A-9EEFB39B53F2}.Debug|Any CPU.Build.0 = Debug|Any CPU
		{496EA41A-D7FD-4C12-895A-9EEFB39B53F2}.Release|Any CPU.ActiveCfg = Release|Any CPU
		{496EA41A-D7FD-4C12-895A-9EEFB39B53F2}.Release|Any CPU.Build.0 = Release|Any CPU
		{B314EF98-85A4-4C49-94D4-06384288242A}.Debug|Any CPU.ActiveCfg = Debug|Any CPU
		{B314EF98-85A4-4C49-94D4-06384288242A}.Debug|Any CPU.Build.0 = Debug|Any CPU
		{B314EF98-85A4-4C49-94D4-06384288242A}.Release|Any CPU.ActiveCfg = Release|Any CPU
		{B314EF98-85A4-4C49-94D4-06384288242A}.Release|Any CPU.Build.0 = Release|Any CPU
	EndGlobalSection
	GlobalSection(SolutionProperties) = preSolution
		HideSolutionNode = FALSE
	EndGlobalSection
	GlobalSection(ExtensibilityGlobals) = postSolution
		SolutionGuid = {EB4ACBC2-22E0-4287-8571-02754850A371}
	EndGlobalSection
EndGlobal
